
Microsoft Visual Studio Solution File, Format Version 12.00
# Visual Studio Version 16
VisualStudioVersion = 16.0.29728.190
MinimumVisualStudioVersion = 10.0.40219.1
Project("{888888A0-9F3D-457C-B088-3A5042F75D52}") = "covid", "covid\covid.pyproj", "{B8BB52CA-5F64-46FB-A794-94013B0CD03E}"
EndProject
Global
	GlobalSection(SolutionConfigurationPlatforms) = preSolution
		Debug|Any CPU = Debug|Any CPU
		Release|Any CPU = Release|Any CPU
	EndGlobalSection
	GlobalSection(ProjectConfigurationPlatforms) = postSolution
		{B8BB52CA-5F64-46FB-A794-94013B0CD03E}.Debug|Any CPU.ActiveCfg = Debug|Any CPU
		{B8BB52CA-5F64-46FB-A794-94013B0CD03E}.Debug|Any CPU.Build.0 = Debug|Any CPU
		{B8BB52CA-5F64-46FB-A794-94013B0CD03E}.Release|Any CPU.ActiveCfg = Release|Any CPU
		{B8BB52CA-5F64-46FB-A794-94013B0CD03E}.Release|Any CPU.Build.0 = Release|Any CPU
	EndGlobalSection
	GlobalSection(SolutionProperties) = preSolution
		HideSolutionNode = FALSE
	EndGlobalSection
	GlobalSection(ExtensibilityGlobals) = postSolution
		SolutionGuid = {5CE99BB1-354C-453F-944C-2F87681843F3}
	EndGlobalSection
EndGlobal
